
Microsoft Visual Studio Solution File, Format Version 12.00
# Visual Studio Version 16
VisualStudioVersion = 16.0.30128.74
MinimumVisualStudioVersion = 10.0.40219.1
Project("{9A19103F-16F7-4668-BE54-9A1E7A4F7556}") = "AspEFCore.Data", "AspEFCore.Data\AspEFCore.Data.csproj", "{C0687EAF-B5A5-4C40-A5DD-32B9EDEF46A8}"
EndProject
Project("{9A19103F-16F7-4668-BE54-9A1E7A4F7556}") = "AspEFCore.Web", "AspEFCore.Web\AspEFCore.Web.csproj", "{8AE8491C-36C7-40FD-A2DC-598D0877E1E1}"
EndProject
Project("{9A19103F-16F7-4668-BE54-9A1E7A4F7556}") = "AspEFCore.Model", "AspEFCore.Model\AspEFCore.Model.csproj", "{7FF7C6C4-DB92-451C-B831-81CF647892FD}"
EndProject
Global
	GlobalSection(SolutionConfigurationPlatforms) = preSolution
		Debug|Any CPU = Debug|Any CPU
		Release|Any CPU = Release|Any CPU
	EndGlobalSection
	GlobalSection(ProjectConfigurationPlatforms) = postSolution
		{C0687EAF-B5A5-4C40-A5DD-32B9EDEF46A8}.Debug|Any CPU.ActiveCfg = Debug|Any CPU
		{C0687EAF-B5A5-4C40-A5DD-32B9EDEF46A8}.Debug|Any CPU.Build.0 = Debug|Any CPU
		{C0687EAF-B5A5-4C40-A5DD-32B9EDEF46A8}.Release|Any CPU.ActiveCfg = Release|Any CPU
		{C0687EAF-B5A5-4C40-A5DD-32B9EDEF46A8}.Release|Any CPU.Build.0 = Release|Any CPU
		{8AE8491C-36C7-40FD-A2DC-598D0877E1E1}.Debug|Any CPU.ActiveCfg = Debug|Any CPU
		{8AE8491C-36C7-40FD-A2DC-598D0877E1E1}.Debug|Any CPU.Build.0 = Debug|Any CPU
		{8AE8491C-36C7-40FD-A2DC-598D0877E1E1}.Release|Any CPU.ActiveCfg = Release|Any CPU
		{8AE8491C-36C7-40FD-A2DC-598D0877E1E1}.Release|Any CPU.Build.0 = Release|Any CPU
		{7FF7C6C4-DB92-451C-B831-81CF647892FD}.Debug|Any CPU.ActiveCfg = Debug|Any CPU
		{7FF7C6C4-DB92-451C-B831-81CF647892FD}.Debug|Any CPU.Build.0 = Debug|Any CPU
		{7FF7C6C4-DB92-451C-B831-81CF647892FD}.Release|Any CPU.ActiveCfg = Release|Any CPU
		{7FF7C6C4-DB92-451C-B831-81CF647892FD}.Release|Any CPU.Build.0 = Release|Any CPU
	EndGlobalSection
	GlobalSection(SolutionProperties) = preSolution
		HideSolutionNode = FALSE
	EndGlobalSection
	GlobalSection(ExtensibilityGlobals) = postSolution
		SolutionGuid = {65F75C80-6594-4731-BA97-D91006EFB0AB}
	EndGlobalSection
EndGlobal
